// !$*UTF8*$!
{
	archiveVersion = 1;
	classes = {
	};
	objectVersion = 48;
	objects = {

/* Begin PBXBuildFile section */
		8C56AAE3204954ED0063900B /* AppDelegate.swift in Sources */ = {isa = PBXBuildFile; fileRef = 8C56AAE2204954ED0063900B /* AppDelegate.swift */; };
		8C56AAE5204954ED0063900B /* ViewController.swift in Sources */ = {isa = PBXBuildFile; fileRef = 8C56AAE4204954ED0063900B /* ViewController.swift */; };
		8C56AAE8204954ED0063900B /* Main.storyboard in Resources */ = {isa = PBXBuildFile; fileRef = 8C56AAE6204954ED0063900B /* Main.storyboard */; };
		8C56AAEA204954ED0063900B /* Assets.xcassets in Resources */ = {isa = PBXBuildFile; fileRef = 8C56AAE9204954ED0063900B /* Assets.xcassets */; };
		8C56AAED204954ED0063900B /* LaunchScreen.storyboard in Resources */ = {isa = PBXBuildFile; fileRef = 8C56AAEB204954ED0063900B /* LaunchScreen.storyboard */; };
		8C56AAF8204954ED0063900B /* calandarTests.swift in Sources */ = {isa = PBXBuildFile; fileRef = 8C56AAF7204954ED0063900B /* calandarTests.swift */; };
		8C56AB03204954ED0063900B /* calandarUITests.swift in Sources */ = {isa = PBXBuildFile; fileRef = 8C56AB02204954ED0063900B /* calandarUITests.swift */; };
		8C56AB1320495BD20063900B /* EventkitViewController.swift in Sources */ = {isa = PBXBuildFile; fileRef = 8C56AB1220495BD20063900B /* EventkitViewController.swift */; };
		A4ED036105EDAC42E5440D97 /* Pods_calandar.framework in Frameworks */ = {isa = PBXBuildFile; fileRef = 72469A0D532E31CF5AC7180A /* Pods_calandar.framework */; };
		BC5E3F0D5CACB7D44CFBEC83 /* Pods_calandarUITests.framework in Frameworks */ = {isa = PBXBuildFile; fileRef = BC97152175FB54FA0C9952D0 /* Pods_calandarUITests.framework */; };
		DAA1AED6CA75E165861E1BA5 /* Pods_calandarTests.framework in Frameworks */ = {isa = PBXBuildFile; fileRef = 80300C272C04332F2D0C17F8 /* Pods_calandarTests.framework */; };
/* End PBXBuildFile section */

/* Begin PBXContainerItemProxy section */
		8C56AAF4204954ED0063900B /* PBXContainerItemProxy */ = {
			isa = PBXContainerItemProxy;
			containerPortal = 8C56AAD7204954ED0063900B /* Project object */;
			proxyType = 1;
			remoteGlobalIDString = 8C56AADE204954ED0063900B;
			remoteInfo = calandar;
		};
		8C56AAFF204954ED0063900B /* PBXContainerItemProxy */ = {
			isa = PBXContainerItemProxy;
			containerPortal = 8C56AAD7204954ED0063900B /* Project object */;
			proxyType = 1;
			remoteGlobalIDString = 8C56AADE204954ED0063900B;
			remoteInfo = calandar;
		};
/* End PBXContainerItemProxy section */

/* Begin PBXFileReference section */
		00F07E206ED3A057E7F6B6A5 /* Pods-calandar.release.xcconfig */ = {isa = PBXFileReference; includeInIndex = 1; lastKnownFileType = text.xcconfig; name = "Pods-calandar.release.xcconfig"; path = "Pods/Target Support Files/Pods-calandar/Pods-calandar.release.xcconfig"; sourceTree = "<group>"; };
		1EEF86E098BC6E3A0D3E5557 /* Pods-calandar.debug.xcconfig */ = {isa = PBXFileReference; includeInIndex = 1; lastKnownFileType = text.xcconfig; name = "Pods-calandar.debug.xcconfig"; path = "Pods/Target Support Files/Pods-calandar/Pods-calandar.debug.xcconfig"; sourceTree = "<group>"; };
		548BFF8ECA8A1E240BF62243 /* Pods-calandarUITests.release.xcconfig */ = {isa = PBXFileReference; includeInIndex = 1; lastKnownFileType = text.xcconfig; name = "Pods-calandarUITests.release.xcconfig"; path = "Pods/Target Support Files/Pods-calandarUITests/Pods-calandarUITests.release.xcconfig"; sourceTree = "<group>"; };
		72469A0D532E31CF5AC7180A /* Pods_calandar.framework */ = {isa = PBXFileReference; explicitFileType = wrapper.framework; includeInIndex = 0; path = Pods_calandar.framework; sourceTree = BUILT_PRODUCTS_DIR; };
		80300C272C04332F2D0C17F8 /* Pods_calandarTests.framework */ = {isa = PBXFileReference; explicitFileType = wrapper.framework; includeInIndex = 0; path = Pods_calandarTests.framework; sourceTree = BUILT_PRODUCTS_DIR; };
		8C56AADF204954ED0063900B /* calandar.app */ = {isa = PBXFileReference; explicitFileType = wrapper.application; includeInIndex = 0; path = calandar.app; sourceTree = BUILT_PRODUCTS_DIR; };
		8C56AAE2204954ED0063900B /* AppDelegate.swift */ = {isa = PBXFileReference; lastKnownFileType = sourcecode.swift; path = AppDelegate.swift; sourceTree = "<group>"; };
		8C56AAE4204954ED0063900B /* ViewController.swift */ = {isa = PBXFileReference; lastKnownFileType = sourcecode.swift; path = ViewController.swift; sourceTree = "<group>"; };
		8C56AAE7204954ED0063900B /* Base */ = {isa = PBXFileReference; lastKnownFileType = file.storyboard; name = Base; path = Base.lproj/Main.storyboard; sourceTree = "<group>"; };
		8C56AAE9204954ED0063900B /* Assets.xcassets */ = {isa = PBXFileReference; lastKnownFileType = folder.assetcatalog; path = Assets.xcassets; sourceTree = "<group>"; };
		8C56AAEC204954ED0063900B /* Base */ = {isa = PBXFileReference; lastKnownFileType = file.storyboard; name = Base; path = Base.lproj/LaunchScreen.storyboard; sourceTree = "<group>"; };
		8C56AAEE204954ED0063900B /* Info.plist */ = {isa = PBXFileReference; lastKnownFileType = text.plist.xml; path = Info.plist; sourceTree = "<group>"; };
		8C56AAF3204954ED0063900B /* calandarTests.xctest */ = {isa = PBXFileReference; explicitFileType = wrapper.cfbundle; includeInIndex = 0; path = calandarTests.xctest; sourceTree = BUILT_PRODUCTS_DIR; };
		8C56AAF7204954ED0063900B /* calandarTests.swift */ = {isa = PBXFileReference; lastKnownFileType = sourcecode.swift; path = calandarTests.swift; sourceTree = "<group>"; };
		8C56AAF9204954ED0063900B /* Info.plist */ = {isa = PBXFileReference; lastKnownFileType = text.plist.xml; path = Info.plist; sourceTree = "<group>"; };
		8C56AAFE204954ED0063900B /* calandarUITests.xctest */ = {isa = PBXFileReference; explicitFileType = wrapper.cfbundle; includeInIndex = 0; path = calandarUITests.xctest; sourceTree = BUILT_PRODUCTS_DIR; };
		8C56AB02204954ED0063900B /* calandarUITests.swift */ = {isa = PBXFileReference; lastKnownFileType = sourcecode.swift; path = calandarUITests.swift; sourceTree = "<group>"; };
		8C56AB04204954ED0063900B /* Info.plist */ = {isa = PBXFileReference; lastKnownFileType = text.plist.xml; path = Info.plist; sourceTree = "<group>"; };
		8C56AB1220495BD20063900B /* EventkitViewController.swift */ = {isa = PBXFileReference; lastKnownFileType = sourcecode.swift; path = EventkitViewController.swift; sourceTree = "<group>"; };
		AB5D945F12092DC9BC160D6C /* Pods-calandarUITests.debug.xcconfig */ = {isa = PBXFileReference; includeInIndex = 1; lastKnownFileType = text.xcconfig; name = "Pods-calandarUITests.debug.xcconfig"; path = "Pods/Target Support Files/Pods-calandarUITests/Pods-calandarUITests.debug.xcconfig"; sourceTree = "<group>"; };
		BC97152175FB54FA0C9952D0 /* Pods_calandarUITests.framework */ = {isa = PBXFileReference; explicitFileType = wrapper.framework; includeInIndex = 0; path = Pods_calandarUITests.framework; sourceTree = BUILT_PRODUCTS_DIR; };
		E7A019BD06A484BF86BAF0F6 /* Pods-calandarTests.release.xcconfig */ = {isa = PBXFileReference; includeInIndex = 1; lastKnownFileType = text.xcconfig; name = "Pods-calandarTests.release.xcconfig"; path = "Pods/Target Support Files/Pods-calandarTests/Pods-calandarTests.release.xcconfig"; sourceTree = "<group>"; };
		EE5D6819FE9E877321790606 /* Pods-calandarTests.debug.xcconfig */ = {isa = PBXFileReference; includeInIndex = 1; lastKnownFileType = text.xcconfig; name = "Pods-calandarTests.debug.xcconfig"; path = "Pods/Target Support Files/Pods-calandarTests/Pods-calandarTests.debug.xcconfig"; sourceTree = "<group>"; };
/* End PBXFileReference section */

/* Begin PBXFrameworksBuildPhase section */
		8C56AADC204954ED0063900B /* Frameworks */ = {
			isa = PBXFrameworksBuildPhase;
			buildActionMask = 2147483647;
			files = (
				A4ED036105EDAC42E5440D97 /* Pods_calandar.framework in Frameworks */,
			);
			runOnlyForDeploymentPostprocessing = 0;
		};
		8C56AAF0204954ED0063900B /* Frameworks */ = {
			isa = PBXFrameworksBuildPhase;
			buildActionMask = 2147483647;
			files = (
				DAA1AED6CA75E165861E1BA5 /* Pods_calandarTests.framework in Frameworks */,
			);
			runOnlyForDeploymentPostprocessing = 0;
		};
		8C56AAFB204954ED0063900B /* Frameworks */ = {
			isa = PBXFrameworksBuildPhase;
			buildActionMask = 2147483647;
			files = (
				BC5E3F0D5CACB7D44CFBEC83 /* Pods_calandarUITests.framework in Frameworks */,
			);
			runOnlyForDeploymentPostprocessing = 0;
		};
/* End PBXFrameworksBuildPhase section */

/* Begin PBXGroup section */
		55C3658A5B1266E81D0F672A /* Frameworks */ = {
			isa = PBXGroup;
			children = (
				72469A0D532E31CF5AC7180A /* Pods_calandar.framework */,
				80300C272C04332F2D0C17F8 /* Pods_calandarTests.framework */,
				BC97152175FB54FA0C9952D0 /* Pods_calandarUITests.framework */,
			);
			name = Frameworks;
			sourceTree = "<group>";
		};
		8C56AAD6204954ED0063900B = {
			isa = PBXGroup;
			children = (
				8C56AAE1204954ED0063900B /* calandar */,
				8C56AAF6204954ED0063900B /* calandarTests */,
				8C56AB01204954ED0063900B /* calandarUITests */,
				8C56AAE0204954ED0063900B /* Products */,
				ED9E683C76342D0EF61156FC /* Pods */,
				55C3658A5B1266E81D0F672A /* Frameworks */,
			);
			sourceTree = "<group>";
		};
		8C56AAE0204954ED0063900B /* Products */ = {
			isa = PBXGroup;
			children = (
				8C56AADF204954ED0063900B /* calandar.app */,
				8C56AAF3204954ED0063900B /* calandarTests.xctest */,
				8C56AAFE204954ED0063900B /* calandarUITests.xctest */,
			);
			name = Products;
			sourceTree = "<group>";
		};
		8C56AAE1204954ED0063900B /* calandar */ = {
			isa = PBXGroup;
			children = (
				8C56AAE2204954ED0063900B /* AppDelegate.swift */,
				8C56AAE4204954ED0063900B /* ViewController.swift */,
				8C56AAE6204954ED0063900B /* Main.storyboard */,
				8C56AAE9204954ED0063900B /* Assets.xcassets */,
				8C56AAEB204954ED0063900B /* LaunchScreen.storyboard */,
				8C56AAEE204954ED0063900B /* Info.plist */,
				8C56AB1220495BD20063900B /* EventkitViewController.swift */,
			);
			path = calandar;
			sourceTree = "<group>";
		};
		8C56AAF6204954ED0063900B /* calandarTests */ = {
			isa = PBXGroup;
			children = (
				8C56AAF7204954ED0063900B /* calandarTests.swift */,
				8C56AAF9204954ED0063900B /* Info.plist */,
			);
			path = calandarTests;
			sourceTree = "<group>";
		};
		8C56AB01204954ED0063900B /* calandarUITests */ = {
			isa = PBXGroup;
			children = (
				8C56AB02204954ED0063900B /* calandarUITests.swift */,
				8C56AB04204954ED0063900B /* Info.plist */,
			);
			path = calandarUITests;
			sourceTree = "<group>";
		};
		ED9E683C76342D0EF61156FC /* Pods */ = {
			isa = PBXGroup;
			children = (
				1EEF86E098BC6E3A0D3E5557 /* Pods-calandar.debug.xcconfig */,
				00F07E206ED3A057E7F6B6A5 /* Pods-calandar.release.xcconfig */,
				EE5D6819FE9E877321790606 /* Pods-calandarTests.debug.xcconfig */,
				E7A019BD06A484BF86BAF0F6 /* Pods-calandarTests.release.xcconfig */,
				AB5D945F12092DC9BC160D6C /* Pods-calandarUITests.debug.xcconfig */,
				548BFF8ECA8A1E240BF62243 /* Pods-calandarUITests.release.xcconfig */,
			);
			name = Pods;
			sourceTree = "<group>";
		};
/* End PBXGroup section */

/* Begin PBXNativeTarget section */
		8C56AADE204954ED0063900B /* calandar */ = {
			isa = PBXNativeTarget;
			buildConfigurationList = 8C56AB07204954ED0063900B /* Build configuration list for PBXNativeTarget "calandar" */;
			buildPhases = (
				237EE8D3B8254F01CA81D07F /* [CP] Check Pods Manifest.lock */,
				8C56AADB204954ED0063900B /* Sources */,
				8C56AADC204954ED0063900B /* Frameworks */,
				8C56AADD204954ED0063900B /* Resources */,
				301EF975A386BD6FD071A11D /* [CP] Embed Pods Frameworks */,
				814AD72A9D08263E5FF59722 /* [CP] Copy Pods Resources */,
			);
			buildRules = (
			);
			dependencies = (
			);
			name = calandar;
			productName = calandar;
			productReference = 8C56AADF204954ED0063900B /* calandar.app */;
			productType = "com.apple.product-type.application";
		};
		8C56AAF2204954ED0063900B /* calandarTests */ = {
			isa = PBXNativeTarget;
			buildConfigurationList = 8C56AB0A204954ED0063900B /* Build configuration list for PBXNativeTarget "calandarTests" */;
			buildPhases = (
				AEEBF550AF3B290BAD27D56F /* [CP] Check Pods Manifest.lock */,
				8C56AAEF204954ED0063900B /* Sources */,
				8C56AAF0204954ED0063900B /* Frameworks */,
				8C56AAF1204954ED0063900B /* Resources */,
				D89D0EBB9AA30B1978F07888 /* [CP] Embed Pods Frameworks */,
				0B64C85D2A6DE48B8A114402 /* [CP] Copy Pods Resources */,
			);
			buildRules = (
			);
			dependencies = (
				8C56AAF5204954ED0063900B /* PBXTargetDependency */,
			);
			name = calandarTests;
			productName = calandarTests;
			productReference = 8C56AAF3204954ED0063900B /* calandarTests.xctest */;
			productType = "com.apple.product-type.bundle.unit-test";
		};
		8C56AAFD204954ED0063900B /* calandarUITests */ = {
			isa = PBXNativeTarget;
			buildConfigurationList = 8C56AB0D204954ED0063900B /* Build configuration list for PBXNativeTarget "calandarUITests" */;
			buildPhases = (
				6B61072E6D786FE8FEC3B992 /* [CP] Check Pods Manifest.lock */,
				8C56AAFA204954ED0063900B /* Sources */,
				8C56AAFB204954ED0063900B /* Frameworks */,
				8C56AAFC204954ED0063900B /* Resources */,
				0369BEC58E5F4E12C35D7123 /* [CP] Embed Pods Frameworks */,
				CF0F638D57A4A679D1614392 /* [CP] Copy Pods Resources */,
			);
			buildRules = (
			);
			dependencies = (
				8C56AB00204954ED0063900B /* PBXTargetDependency */,
			);
			name = calandarUITests;
			productName = calandarUITests;
			productReference = 8C56AAFE204954ED0063900B /* calandarUITests.xctest */;
			productType = "com.apple.product-type.bundle.ui-testing";
		};
/* End PBXNativeTarget section */

/* Begin PBXProject section */
		8C56AAD7204954ED0063900B /* Project object */ = {
			isa = PBXProject;
			attributes = {
				LastSwiftUpdateCheck = 0920;
				LastUpgradeCheck = 0920;
				ORGANIZATIONNAME = "Kosuke Sasaki";
				TargetAttributes = {
					8C56AADE204954ED0063900B = {
						CreatedOnToolsVersion = 9.2;
						ProvisioningStyle = Automatic;
					};
					8C56AAF2204954ED0063900B = {
						CreatedOnToolsVersion = 9.2;
						ProvisioningStyle = Automatic;
						TestTargetID = 8C56AADE204954ED0063900B;
					};
					8C56AAFD204954ED0063900B = {
						CreatedOnToolsVersion = 9.2;
						ProvisioningStyle = Automatic;
						TestTargetID = 8C56AADE204954ED0063900B;
					};
				};
			};
			buildConfigurationList = 8C56AADA204954ED0063900B /* Build configuration list for PBXProject "calandar" */;
			compatibilityVersion = "Xcode 8.0";
			developmentRegion = en;
			hasScannedForEncodings = 0;
			knownRegions = (
				en,
				Base,
			);
			mainGroup = 8C56AAD6204954ED0063900B;
			productRefGroup = 8C56AAE0204954ED0063900B /* Products */;
			projectDirPath = "";
			projectRoot = "";
			targets = (
				8C56AADE204954ED0063900B /* calandar */,
				8C56AAF2204954ED0063900B /* calandarTests */,
				8C56AAFD204954ED0063900B /* calandarUITests */,
			);
		};
/* End PBXProject section */

/* Begin PBXResourcesBuildPhase section */
		8C56AADD204954ED0063900B /* Resources */ = {
			isa = PBXResourcesBuildPhase;
			buildActionMask = 2147483647;
			files = (
				8C56AAED204954ED0063900B /* LaunchScreen.storyboard in Resources */,
				8C56AAEA204954ED0063900B /* Assets.xcassets in Resources */,
				8C56AAE8204954ED0063900B /* Main.storyboard in Resources */,
			);
			runOnlyForDeploymentPostprocessing = 0;
		};
		8C56AAF1204954ED0063900B /* Resources */ = {
			isa = PBXResourcesBuildPhase;
			buildActionMask = 2147483647;
			files = (
			);
			runOnlyForDeploymentPostprocessing = 0;
		};
		8C56AAFC204954ED0063900B /* Resources */ = {
			isa = PBXResourcesBuildPhase;
			buildActionMask = 2147483647;
			files = (
			);
			runOnlyForDeploymentPostprocessing = 0;
		};
/* End PBXResourcesBuildPhase section */

/* Begin PBXShellScriptBuildPhase section */
		0369BEC58E5F4E12C35D7123 /* [CP] Embed Pods Frameworks */ = {
			isa = PBXShellScriptBuildPhase;
			buildActionMask = 2147483647;
			files = (
			);
			inputPaths = (
			);
			name = "[CP] Embed Pods Frameworks";
			outputPaths = (
			);
			runOnlyForDeploymentPostprocessing = 0;
			shellPath = /bin/sh;
			shellScript = "\"${SRCROOT}/Pods/Target Support Files/Pods-calandarUITests/Pods-calandarUITests-frameworks.sh\"\n";
			showEnvVarsInLog = 0;
		};
		0B64C85D2A6DE48B8A114402 /* [CP] Copy Pods Resources */ = {
			isa = PBXShellScriptBuildPhase;
			buildActionMask = 2147483647;
			files = (
			);
			inputPaths = (
			);
			name = "[CP] Copy Pods Resources";
			outputPaths = (
			);
			runOnlyForDeploymentPostprocessing = 0;
			shellPath = /bin/sh;
			shellScript = "\"${SRCROOT}/Pods/Target Support Files/Pods-calandarTests/Pods-calandarTests-resources.sh\"\n";
			showEnvVarsInLog = 0;
		};
		237EE8D3B8254F01CA81D07F /* [CP] Check Pods Manifest.lock */ = {
			isa = PBXShellScriptBuildPhase;
			buildActionMask = 2147483647;
			files = (
			);
			inputPaths = (
				"${PODS_PODFILE_DIR_PATH}/Podfile.lock",
				"${PODS_ROOT}/Manifest.lock",
			);
			name = "[CP] Check Pods Manifest.lock";
			outputPaths = (
				"$(DERIVED_FILE_DIR)/Pods-calandar-checkManifestLockResult.txt",
			);
			runOnlyForDeploymentPostprocessing = 0;
			shellPath = /bin/sh;
			shellScript = "diff \"${PODS_PODFILE_DIR_PATH}/Podfile.lock\" \"${PODS_ROOT}/Manifest.lock\" > /dev/null\nif [ $? != 0 ] ; then\n    # print error to STDERR\n    echo \"error: The sandbox is not in sync with the Podfile.lock. Run 'pod install' or update your CocoaPods installation.\" >&2\n    exit 1\nfi\n# This output is used by Xcode 'outputs' to avoid re-running this script phase.\necho \"SUCCESS\" > \"${SCRIPT_OUTPUT_FILE_0}\"\n";
			showEnvVarsInLog = 0;
		};
		301EF975A386BD6FD071A11D /* [CP] Embed Pods Frameworks */ = {
			isa = PBXShellScriptBuildPhase;
			buildActionMask = 2147483647;
			files = (
			);
			inputPaths = (
				"${SRCROOT}/Pods/Target Support Files/Pods-calandar/Pods-calandar-frameworks.sh",
				"${BUILT_PRODUCTS_DIR}/CalculateCalendarLogic/CalculateCalendarLogic.framework",
				"${BUILT_PRODUCTS_DIR}/FSCalendar/FSCalendar.framework",
			);
			name = "[CP] Embed Pods Frameworks";
			outputPaths = (
				"${TARGET_BUILD_DIR}/${FRAMEWORKS_FOLDER_PATH}/CalculateCalendarLogic.framework",
				"${TARGET_BUILD_DIR}/${FRAMEWORKS_FOLDER_PATH}/FSCalendar.framework",
			);
			runOnlyForDeploymentPostprocessing = 0;
			shellPath = /bin/sh;
			shellScript = "\"${SRCROOT}/Pods/Target Support Files/Pods-calandar/Pods-calandar-frameworks.sh\"\n";
			showEnvVarsInLog = 0;
		};
		6B61072E6D786FE8FEC3B992 /* [CP] Check Pods Manifest.lock */ = {
			isa = PBXShellScriptBuildPhase;
			buildActionMask = 2147483647;
			files = (
			);
			inputPaths = (
				"${PODS_PODFILE_DIR_PATH}/Podfile.lock",
				"${PODS_ROOT}/Manifest.lock",
			);
			name = "[CP] Check Pods Manifest.lock";
			outputPaths = (
				"$(DERIVED_FILE_DIR)/Pods-calandarUITests-checkManifestLockResult.txt",
			);
			runOnlyForDeploymentPostprocessing = 0;
			shellPath = /bin/sh;
			shellScript = "diff \"${PODS_PODFILE_DIR_PATH}/Podfile.lock\" \"${PODS_ROOT}/Manifest.lock\" > /dev/null\nif [ $? != 0 ] ; then\n    # print error to STDERR\n    echo \"error: The sandbox is not in sync with the Podfile.lock. Run 'pod install' or update your CocoaPods installation.\" >&2\n    exit 1\nfi\n# This output is used by Xcode 'outputs' to avoid re-running this script phase.\necho \"SUCCESS\" > \"${SCRIPT_OUTPUT_FILE_0}\"\n";
			showEnvVarsInLog = 0;
		};
		814AD72A9D08263E5FF59722 /* [CP] Copy Pods Resources */ = {
			isa = PBXShellScriptBuildPhase;
			buildActionMask = 2147483647;
			files = (
			);
			inputPaths = (
			);
			name = "[CP] Copy Pods Resources";
			outputPaths = (
			);
			runOnlyForDeploymentPostprocessing = 0;
			shellPath = /bin/sh;
			shellScript = "\"${SRCROOT}/Pods/Target Support Files/Pods-calandar/Pods-calandar-resources.sh\"\n";
			showEnvVarsInLog = 0;
		};
		AEEBF550AF3B290BAD27D56F /* [CP] Check Pods Manifest.lock */ = {
			isa = PBXShellScriptBuildPhase;
			buildActionMask = 2147483647;
			files = (
			);
			inputPaths = (
				"${PODS_PODFILE_DIR_PATH}/Podfile.lock",
				"${PODS_ROOT}/Manifest.lock",
			);
			name = "[CP] Check Pods Manifest.lock";
			outputPaths = (
				"$(DERIVED_FILE_DIR)/Pods-calandarTests-checkManifestLockResult.txt",
			);
			runOnlyForDeploymentPostprocessing = 0;
			shellPath = /bin/sh;
			shellScript = "diff \"${PODS_PODFILE_DIR_PATH}/Podfile.lock\" \"${PODS_ROOT}/Manifest.lock\" > /dev/null\nif [ $? != 0 ] ; then\n    # print error to STDERR\n    echo \"error: The sandbox is not in sync with the Podfile.lock. Run 'pod install' or update your CocoaPods installation.\" >&2\n    exit 1\nfi\n# This output is used by Xcode 'outputs' to avoid re-running this script phase.\necho \"SUCCESS\" > \"${SCRIPT_OUTPUT_FILE_0}\"\n";
			showEnvVarsInLog = 0;
		};
		CF0F638D57A4A679D1614392 /* [CP] Copy Pods Resources */ = {
			isa = PBXShellScriptBuildPhase;
			buildActionMask = 2147483647;
			files = (
			);
			inputPaths = (
			);
			name = "[CP] Copy Pods Resources";
			outputPaths = (
			);
			runOnlyForDeploymentPostprocessing = 0;
			shellPath = /bin/sh;
			shellScript = "\"${SRCROOT}/Pods/Target Support Files/Pods-calandarUITests/Pods-calandarUITests-resources.sh\"\n";
			showEnvVarsInLog = 0;
		};
		D89D0EBB9AA30B1978F07888 /* [CP] Embed Pods Frameworks */ = {
			isa = PBXShellScriptBuildPhase;
			buildActionMask = 2147483647;
			files = (
			);
			inputPaths = (
			);
			name = "[CP] Embed Pods Frameworks";
			outputPaths = (
			);
			runOnlyForDeploymentPostprocessing = 0;
			shellPath = /bin/sh;
			shellScript = "\"${SRCROOT}/Pods/Target Support Files/Pods-calandarTests/Pods-calandarTests-frameworks.sh\"\n";
			showEnvVarsInLog = 0;
		};
/* End PBXShellScriptBuildPhase section */

/* Begin PBXSourcesBuildPhase section */
		8C56AADB204954ED0063900B /* Sources */ = {
			isa = PBXSourcesBuildPhase;
			buildActionMask = 2147483647;
			files = (
				8C56AAE5204954ED0063900B /* ViewController.swift in Sources */,
				8C56AB1320495BD20063900B /* EventkitViewController.swift in Sources */,
				8C56AAE3204954ED0063900B /* AppDelegate.swift in Sources */,
			);
			runOnlyForDeploymentPostprocessing = 0;
		};
		8C56AAEF204954ED0063900B /* Sources */ = {
			isa = PBXSourcesBuildPhase;
			buildActionMask = 2147483647;
			files = (
				8C56AAF8204954ED0063900B /* calandarTests.swift in Sources */,
			);
			runOnlyForDeploymentPostprocessing = 0;
		};
		8C56AAFA204954ED0063900B /* Sources */ = {
			isa = PBXSourcesBuildPhase;
			buildActionMask = 2147483647;
			files = (
				8C56AB03204954ED0063900B /* calandarUITests.swift in Sources */,
			);
			runOnlyForDeploymentPostprocessing = 0;
		};
/* End PBXSourcesBuildPhase section */

/* Begin PBXTargetDependency section */
		8C56AAF5204954ED0063900B /* PBXTargetDependency */ = {
			isa = PBXTargetDependency;
			target = 8C56AADE204954ED0063900B /* calandar */;
			targetProxy = 8C56AAF4204954ED0063900B /* PBXContainerItemProxy */;
		};
		8C56AB00204954ED0063900B /* PBXTargetDependency */ = {
			isa = PBXTargetDependency;
			target = 8C56AADE204954ED0063900B /* calandar */;
			targetProxy = 8C56AAFF204954ED0063900B /* PBXContainerItemProxy */;
		};
/* End PBXTargetDependency section */

/* Begin PBXVariantGroup section */
		8C56AAE6204954ED0063900B /* Main.storyboard */ = {
			isa = PBXVariantGroup;
			children = (
				8C56AAE7204954ED0063900B /* Base */,
			);
			name = Main.storyboard;
			sourceTree = "<group>";
		};
		8C56AAEB204954ED0063900B /* LaunchScreen.storyboard */ = {
			isa = PBXVariantGroup;
			children = (
				8C56AAEC204954ED0063900B /* Base */,
			);
			name = LaunchScreen.storyboard;
			sourceTree = "<group>";
		};
/* End PBXVariantGroup section */

/* Begin XCBuildConfiguration section */
		8C56AB05204954ED0063900B /* Debug */ = {
			isa = XCBuildConfiguration;
			buildSettings = {
				ALWAYS_SEARCH_USER_PATHS = NO;
				CLANG_ANALYZER_NONNULL = YES;
				CLANG_ANALYZER_NUMBER_OBJECT_CONVERSION = YES_AGGRESSIVE;
				CLANG_CXX_LANGUAGE_STANDARD = "gnu++14";
				CLANG_CXX_LIBRARY = "libc++";
				CLANG_ENABLE_MODULES = YES;
				CLANG_ENABLE_OBJC_ARC = YES;
				CLANG_WARN_BLOCK_CAPTURE_AUTORELEASING = YES;
				CLANG_WARN_BOOL_CONVERSION = YES;
				CLANG_WARN_COMMA = YES;
				CLANG_WARN_CONSTANT_CONVERSION = YES;
				CLANG_WARN_DIRECT_OBJC_ISA_USAGE = YES_ERROR;
				CLANG_WARN_DOCUMENTATION_COMMENTS = YES;
				CLANG_WARN_EMPTY_BODY = YES;
				CLANG_WARN_ENUM_CONVERSION = YES;
				CLANG_WARN_INFINITE_RECURSION = YES;
				CLANG_WARN_INT_CONVERSION = YES;
				CLANG_WARN_NON_LITERAL_NULL_CONVERSION = YES;
				CLANG_WARN_OBJC_LITERAL_CONVERSION = YES;
				CLANG_WARN_OBJC_ROOT_CLASS = YES_ERROR;
				CLANG_WARN_RANGE_LOOP_ANALYSIS = YES;
				CLANG_WARN_STRICT_PROTOTYPES = YES;
				CLANG_WARN_SUSPICIOUS_MOVE = YES;
				CLANG_WARN_UNGUARDED_AVAILABILITY = YES_AGGRESSIVE;
				CLANG_WARN_UNREACHABLE_CODE = YES;
				CLANG_WARN__DUPLICATE_METHOD_MATCH = YES;
				CODE_SIGN_IDENTITY = "iPhone Developer";
				COPY_PHASE_STRIP = NO;
				DEBUG_INFORMATION_FORMAT = dwarf;
				ENABLE_STRICT_OBJC_MSGSEND = YES;
				ENABLE_TESTABILITY = YES;
				GCC_C_LANGUAGE_STANDARD = gnu11;
				GCC_DYNAMIC_NO_PIC = NO;
				GCC_NO_COMMON_BLOCKS = YES;
				GCC_OPTIMIZATION_LEVEL = 0;
				GCC_PREPROCESSOR_DEFINITIONS = (
					"DEBUG=1",
					"$(inherited)",
				);
				GCC_WARN_64_TO_32_BIT_CONVERSION = YES;
				GCC_WARN_ABOUT_RETURN_TYPE = YES_ERROR;
				GCC_WARN_UNDECLARED_SELECTOR = YES;
				GCC_WARN_UNINITIALIZED_AUTOS = YES_AGGRESSIVE;
				GCC_WARN_UNUSED_FUNCTION = YES;
				GCC_WARN_UNUSED_VARIABLE = YES;
				IPHONEOS_DEPLOYMENT_TARGET = 11.2;
				MTL_ENABLE_DEBUG_INFO = YES;
				ONLY_ACTIVE_ARCH = YES;
				SDKROOT = iphoneos;
				SWIFT_ACTIVE_COMPILATION_CONDITIONS = DEBUG;
				SWIFT_OPTIMIZATION_LEVEL = "-Onone";
			};
			name = Debug;
		};
		8C56AB06204954ED0063900B /* Release */ = {
			isa = XCBuildConfiguration;
			buildSettings = {
				ALWAYS_SEARCH_USER_PATHS = NO;
				CLANG_ANALYZER_NONNULL = YES;
				CLANG_ANALYZER_NUMBER_OBJECT_CONVERSION = YES_AGGRESSIVE;
				CLANG_CXX_LANGUAGE_STANDARD = "gnu++14";
				CLANG_CXX_LIBRARY = "libc++";
				CLANG_ENABLE_MODULES = YES;
				CLANG_ENABLE_OBJC_ARC = YES;
				CLANG_WARN_BLOCK_CAPTURE_AUTORELEASING = YES;
				CLANG_WARN_BOOL_CONVERSION = YES;
				CLANG_WARN_COMMA = YES;
				CLANG_WARN_CONSTANT_CONVERSION = YES;
				CLANG_WARN_DIRECT_OBJC_ISA_USAGE = YES_ERROR;
				CLANG_WARN_DOCUMENTATION_COMMENTS = YES;
				CLANG_WARN_EMPTY_BODY = YES;
				CLANG_WARN_ENUM_CONVERSION = YES;
				CLANG_WARN_INFINITE_RECURSION = YES;
				CLANG_WARN_INT_CONVERSION = YES;
				CLANG_WARN_NON_LITERAL_NULL_CONVERSION = YES;
				CLANG_WARN_OBJC_LITERAL_CONVERSION = YES;
				CLANG_WARN_OBJC_ROOT_CLASS = YES_ERROR;
				CLANG_WARN_RANGE_LOOP_ANALYSIS = YES;
				CLANG_WARN_STRICT_PROTOTYPES = YES;
				CLANG_WARN_SUSPICIOUS_MOVE = YES;
				CLANG_WARN_UNGUARDED_AVAILABILITY = YES_AGGRESSIVE;
				CLANG_WARN_UNREACHABLE_CODE = YES;
				CLANG_WARN__DUPLICATE_METHOD_MATCH = YES;
				CODE_SIGN_IDENTITY = "iPhone Developer";
				COPY_PHASE_STRIP = NO;
				DEBUG_INFORMATION_FORMAT = "dwarf-with-dsym";
				ENABLE_NS_ASSERTIONS = NO;
				ENABLE_STRICT_OBJC_MSGSEND = YES;
				GCC_C_LANGUAGE_STANDARD = gnu11;
				GCC_NO_COMMON_BLOCKS = YES;
				GCC_WARN_64_TO_32_BIT_CONVERSION = YES;
				GCC_WARN_ABOUT_RETURN_TYPE = YES_ERROR;
				GCC_WARN_UNDECLARED_SELECTOR = YES;
				GCC_WARN_UNINITIALIZED_AUTOS = YES_AGGRESSIVE;
				GCC_WARN_UNUSED_FUNCTION = YES;
				GCC_WARN_UNUSED_VARIABLE = YES;
				IPHONEOS_DEPLOYMENT_TARGET = 11.2;
				MTL_ENABLE_DEBUG_INFO = NO;
				SDKROOT = iphoneos;
				SWIFT_OPTIMIZATION_LEVEL = "-Owholemodule";
				VALIDATE_PRODUCT = YES;
			};
			name = Release;
		};
		8C56AB08204954ED0063900B /* Debug */ = {
			isa = XCBuildConfiguration;
			baseConfigurationReference = 1EEF86E098BC6E3A0D3E5557 /* Pods-calandar.debug.xcconfig */;
			buildSettings = {
				ASSETCATALOG_COMPILER_APPICON_NAME = AppIcon;
				CODE_SIGN_STYLE = Automatic;
				DEVELOPMENT_TEAM = 7774HFM6R2;
				INFOPLIST_FILE = calandar/Info.plist;
				LD_RUNPATH_SEARCH_PATHS = "$(inherited) @executable_path/Frameworks";
				PRODUCT_BUNDLE_IDENTIFIER = com.kosukesasaki.calandar;
				PRODUCT_NAME = "$(TARGET_NAME)";
				SWIFT_VERSION = 4.0;
				TARGETED_DEVICE_FAMILY = "1,2";
			};
			name = Debug;
		};
		8C56AB09204954ED0063900B /* Release */ = {
			isa = XCBuildConfiguration;
			baseConfigurationReference = 00F07E206ED3A057E7F6B6A5 /* Pods-calandar.release.xcconfig */;
			buildSettings = {
				ASSETCATALOG_COMPILER_APPICON_NAME = AppIcon;
				CODE_SIGN_STYLE = Automatic;
				DEVELOPMENT_TEAM = 7774HFM6R2;
				INFOPLIST_FILE = calandar/Info.plist;
				LD_RUNPATH_SEARCH_PATHS = "$(inherited) @executable_path/Frameworks";
				PRODUCT_BUNDLE_IDENTIFIER = com.kosukesasaki.calandar;
				PRODUCT_NAME = "$(TARGET_NAME)";
				SWIFT_VERSION = 4.0;
				TARGETED_DEVICE_FAMILY = "1,2";
			};
			name = Release;
		};
		8C56AB0B204954ED0063900B /* Debug */ = {
			isa = XCBuildConfiguration;
			baseConfigurationReference = EE5D6819FE9E877321790606 /* Pods-calandarTests.debug.xcconfig */;
			buildSettings = {
				ALWAYS_EMBED_SWIFT_STANDARD_LIBRARIES = YES;
				BUNDLE_LOADER = "$(TEST_HOST)";
				CODE_SIGN_STYLE = Automatic;
				DEVELOPMENT_TEAM = 7774HFM6R2;
				INFOPLIST_FILE = calandarTests/Info.plist;
				LD_RUNPATH_SEARCH_PATHS = "$(inherited) @executable_path/Frameworks @loader_path/Frameworks";
				PRODUCT_BUNDLE_IDENTIFIER = com.kosukesasaki.calandarTests;
				PRODUCT_NAME = "$(TARGET_NAME)";
				SWIFT_VERSION = 4.0;
				TARGETED_DEVICE_FAMILY = "1,2";
				TEST_HOST = "$(BUILT_PRODUCTS_DIR)/calandar.app/calandar";
			};
			name = Debug;
		};
		8C56AB0C204954ED0063900B /* Release */ = {
			isa = XCBuildConfiguration;
			baseConfigurationReference = E7A019BD06A484BF86BAF0F6 /* Pods-calandarTests.release.xcconfig */;
			buildSettings = {
				ALWAYS_EMBED_SWIFT_STANDARD_LIBRARIES = YES;
				BUNDLE_LOADER = "$(TEST_HOST)";
				CODE_SIGN_STYLE = Automatic;
				DEVELOPMENT_TEAM = 7774HFM6R2;
				INFOPLIST_FILE = calandarTests/Info.plist;
				LD_RUNPATH_SEARCH_PATHS = "$(inherited) @executable_path/Frameworks @loader_path/Frameworks";
				PRODUCT_BUNDLE_IDENTIFIER = com.kosukesasaki.calandarTests;
				PRODUCT_NAME = "$(TARGET_NAME)";
				SWIFT_VERSION = 4.0;
				TARGETED_DEVICE_FAMILY = "1,2";
				TEST_HOST = "$(BUILT_PRODUCTS_DIR)/calandar.app/calandar";
			};
			name = Release;
		};
		8C56AB0E204954ED0063900B /* Debug */ = {
			isa = XCBuildConfiguration;
			baseConfigurationReference = AB5D945F12092DC9BC160D6C /* Pods-calandarUITests.debug.xcconfig */;
			buildSettings = {
				ALWAYS_EMBED_SWIFT_STANDARD_LIBRARIES = YES;
				CODE_SIGN_STYLE = Automatic;
				DEVELOPMENT_TEAM = 7774HFM6R2;
				INFOPLIST_FILE = calandarUITests/Info.plist;
				LD_RUNPATH_SEARCH_PATHS = "$(inherited) @executable_path/Frameworks @loader_path/Frameworks";
				PRODUCT_BUNDLE_IDENTIFIER = com.kosukesasaki.calandarUITests;
				PRODUCT_NAME = "$(TARGET_NAME)";
				SWIFT_VERSION = 4.0;
				TARGETED_DEVICE_FAMILY = "1,2";
				TEST_TARGET_NAME = calandar;
			};
			name = Debug;
		};
		8C56AB0F204954ED0063900B /* Release */ = {
			isa = XCBuildConfiguration;
			baseConfigurationReference = 548BFF8ECA8A1E240BF62243 /* Pods-calandarUITests.release.xcconfig */;
			buildSettings = {
				ALWAYS_EMBED_SWIFT_STANDARD_LIBRARIES = YES;
				CODE_SIGN_STYLE = Automatic;
				DEVELOPMENT_TEAM = 7774HFM6R2;
				INFOPLIST_FILE = calandarUITests/Info.plist;
				LD_RUNPATH_SEARCH_PATHS = "$(inherited) @executable_path/Frameworks @loader_path/Frameworks";
				PRODUCT_BUNDLE_IDENTIFIER = com.kosukesasaki.calandarUITests;
				PRODUCT_NAME = "$(TARGET_NAME)";
				SWIFT_VERSION = 4.0;
				TARGETED_DEVICE_FAMILY = "1,2";
				TEST_TARGET_NAME = calandar;
			};
			name = Release;
		};
/* End XCBuildConfiguration section */

/* Begin XCConfigurationList section */
		8C56AADA204954ED0063900B /* Build configuration list for PBXProject "calandar" */ = {
			isa = XCConfigurationList;
			buildConfigurations = (
				8C56AB05204954ED0063900B /* Debug */,
				8C56AB06204954ED0063900B /* Release */,
			);
			defaultConfigurationIsVisible = 0;
			defaultConfigurationName = Release;
		};
		8C56AB07204954ED0063900B /* Build configuration list for PBXNativeTarget "calandar" */ = {
			isa = XCConfigurationList;
			buildConfigurations = (
				8C56AB08204954ED0063900B /* Debug */,
				8C56AB09204954ED0063900B /* Release */,
			);
			defaultConfigurationIsVisible = 0;
			defaultConfigurationName = Release;
		};
		8C56AB0A204954ED0063900B /* Build configuration list for PBXNativeTarget "calandarTests" */ = {
			isa = XCConfigurationList;
			buildConfigurations = (
				8C56AB0B204954ED0063900B /* Debug */,
				8C56AB0C204954ED0063900B /* Release */,
			);
			defaultConfigurationIsVisible = 0;
			defaultConfigurationName = Release;
		};
		8C56AB0D204954ED0063900B /* Build configuration list for PBXNativeTarget "calandarUITests" */ = {
			isa = XCConfigurationList;
			buildConfigurations = (
				8C56AB0E204954ED0063900B /* Debug */,
				8C56AB0F204954ED0063900B /* Release */,
			);
			defaultConfigurationIsVisible = 0;
			defaultConfigurationName = Release;
		};
/* End XCConfigurationList section */
	};
	rootObject = 8C56AAD7204954ED0063900B /* Project object */;
}
